// !$*UTF8*$!
{
	archiveVersion = 1;
	classes = {
	};
	objectVersion = 48;
	objects = {

/* Begin PBXBuildFile section */
		3F21CAFF203370890082DB6B /* AppDelegate.swift in Sources */ = {isa = PBXBuildFile; fileRef = 3F21CAFE203370890082DB6B /* AppDelegate.swift */; };
		3F21CB01203370890082DB6B /* ViewController.swift in Sources */ = {isa = PBXBuildFile; fileRef = 3F21CB00203370890082DB6B /* ViewController.swift */; };
		3F21CB04203370890082DB6B /* Main.storyboard in Resources */ = {isa = PBXBuildFile; fileRef = 3F21CB02203370890082DB6B /* Main.storyboard */; };
		3F21CB06203370890082DB6B /* Assets.xcassets in Resources */ = {isa = PBXBuildFile; fileRef = 3F21CB05203370890082DB6B /* Assets.xcassets */; };
		3F21CB09203370890082DB6B /* LaunchScreen.storyboard in Resources */ = {isa = PBXBuildFile; fileRef = 3F21CB07203370890082DB6B /* LaunchScreen.storyboard */; };
		3F21CB14203370890082DB6B /* assignment3Tests.swift in Sources */ = {isa = PBXBuildFile; fileRef = 3F21CB13203370890082DB6B /* assignment3Tests.swift */; };
		3F21CB1F203370890082DB6B /* assignment3UITests.swift in Sources */ = {isa = PBXBuildFile; fileRef = 3F21CB1E203370890082DB6B /* assignment3UITests.swift */; };
/* End PBXBuildFile section */

/* Begin PBXContainerItemProxy section */
		3F21CB10203370890082DB6B /* PBXContainerItemProxy */ = {
			isa = PBXContainerItemProxy;
			containerPortal = 3F21CAF3203370880082DB6B /* Project object */;
			proxyType = 1;
			remoteGlobalIDString = 3F21CAFA203370890082DB6B;
			remoteInfo = assignment3;
		};
		3F21CB1B203370890082DB6B /* PBXContainerItemProxy */ = {
			isa = PBXContainerItemProxy;
			containerPortal = 3F21CAF3203370880082DB6B /* Project object */;
			proxyType = 1;
			remoteGlobalIDString = 3F21CAFA203370890082DB6B;
			remoteInfo = assignment3;
		};
/* End PBXContainerItemProxy section */

/* Begin PBXFileReference section */
		3F21CAFB203370890082DB6B /* assignment3.app */ = {isa = PBXFileReference; explicitFileType = wrapper.application; includeInIndex = 0; path = assignment3.app; sourceTree = BUILT_PRODUCTS_DIR; };
		3F21CAFE203370890082DB6B /* AppDelegate.swift */ = {isa = PBXFileReference; lastKnownFileType = sourcecode.swift; path = AppDelegate.swift; sourceTree = "<group>"; };
		3F21CB00203370890082DB6B /* ViewController.swift */ = {isa = PBXFileReference; lastKnownFileType = sourcecode.swift; path = ViewController.swift; sourceTree = "<group>"; };
		3F21CB03203370890082DB6B /* Base */ = {isa = PBXFileReference; lastKnownFileType = file.storyboard; name = Base; path = Base.lproj/Main.storyboard; sourceTree = "<group>"; };
		3F21CB05203370890082DB6B /* Assets.xcassets */ = {isa = PBXFileReference; lastKnownFileType = folder.assetcatalog; path = Assets.xcassets; sourceTree = "<group>"; };
		3F21CB08203370890082DB6B /* Base */ = {isa = PBXFileReference; lastKnownFileType = file.storyboard; name = Base; path = Base.lproj/LaunchScreen.storyboard; sourceTree = "<group>"; };
		3F21CB0A203370890082DB6B /* Info.plist */ = {isa = PBXFileReference; lastKnownFileType = text.plist.xml; path = Info.plist; sourceTree = "<group>"; };
		3F21CB0F203370890082DB6B /* assignment3Tests.xctest */ = {isa = PBXFileReference; explicitFileType = wrapper.cfbundle; includeInIndex = 0; path = assignment3Tests.xctest; sourceTree = BUILT_PRODUCTS_DIR; };
		3F21CB13203370890082DB6B /* assignment3Tests.swift */ = {isa = PBXFileReference; lastKnownFileType = sourcecode.swift; path = assignment3Tests.swift; sourceTree = "<group>"; };
		3F21CB15203370890082DB6B /* Info.plist */ = {isa = PBXFileReference; lastKnownFileType = text.plist.xml; path = Info.plist; sourceTree = "<group>"; };
		3F21CB1A203370890082DB6B /* assignment3UITests.xctest */ = {isa = PBXFileReference; explicitFileType = wrapper.cfbundle; includeInIndex = 0; path = assignment3UITests.xctest; sourceTree = BUILT_PRODUCTS_DIR; };
		3F21CB1E203370890082DB6B /* assignment3UITests.swift */ = {isa = PBXFileReference; lastKnownFileType = sourcecode.swift; path = assignment3UITests.swift; sourceTree = "<group>"; };
		3F21CB20203370890082DB6B /* Info.plist */ = {isa = PBXFileReference; lastKnownFileType = text.plist.xml; path = Info.plist; sourceTree = "<group>"; };
/* End PBXFileReference section */

/* Begin PBXFrameworksBuildPhase section */
		3F21CAF8203370890082DB6B /* Frameworks */ = {
			isa = PBXFrameworksBuildPhase;
			buildActionMask = 2147483647;
			files = (
			);
			runOnlyForDeploymentPostprocessing = 0;
		};
		3F21CB0C203370890082DB6B /* Frameworks */ = {
			isa = PBXFrameworksBuildPhase;
			buildActionMask = 2147483647;
			files = (
			);
			runOnlyForDeploymentPostprocessing = 0;
		};
		3F21CB17203370890082DB6B /* Frameworks */ = {
			isa = PBXFrameworksBuildPhase;
			buildActionMask = 2147483647;
			files = (
			);
			runOnlyForDeploymentPostprocessing = 0;
		};
/* End PBXFrameworksBuildPhase section */

/* Begin PBXGroup section */
		3F21CAF2203370880082DB6B = {
			isa = PBXGroup;
			children = (
				3F21CAFD203370890082DB6B /* assignment3 */,
				3F21CB12203370890082DB6B /* assignment3Tests */,
				3F21CB1D203370890082DB6B /* assignment3UITests */,
				3F21CAFC203370890082DB6B /* Products */,
			);
			sourceTree = "<group>";
		};
		3F21CAFC203370890082DB6B /* Products */ = {
			isa = PBXGroup;
			children = (
				3F21CAFB203370890082DB6B /* assignment3.app */,
				3F21CB0F203370890082DB6B /* assignment3Tests.xctest */,
				3F21CB1A203370890082DB6B /* assignment3UITests.xctest */,
			);
			name = Products;
			sourceTree = "<group>";
		};
		3F21CAFD203370890082DB6B /* assignment3 */ = {
			isa = PBXGroup;
			children = (
				3F21CAFE203370890082DB6B /* AppDelegate.swift */,
				3F21CB00203370890082DB6B /* ViewController.swift */,
				3F21CB02203370890082DB6B /* Main.storyboard */,
				3F21CB05203370890082DB6B /* Assets.xcassets */,
				3F21CB07203370890082DB6B /* LaunchScreen.storyboard */,
				3F21CB0A203370890082DB6B /* Info.plist */,
			);
			path = assignment3;
			sourceTree = "<group>";
		};
		3F21CB12203370890082DB6B /* assignment3Tests */ = {
			isa = PBXGroup;
			children = (
				3F21CB13203370890082DB6B /* assignment3Tests.swift */,
				3F21CB15203370890082DB6B /* Info.plist */,
			);
			path = assignment3Tests;
			sourceTree = "<group>";
		};
		3F21CB1D203370890082DB6B /* assignment3UITests */ = {
			isa = PBXGroup;
			children = (
				3F21CB1E203370890082DB6B /* assignment3UITests.swift */,
				3F21CB20203370890082DB6B /* Info.plist */,
			);
			path = assignment3UITests;
			sourceTree = "<group>";
		};
/* End PBXGroup section */

/* Begin PBXNativeTarget section */
		3F21CAFA203370890082DB6B /* assignment3 */ = {
			isa = PBXNativeTarget;
			buildConfigurationList = 3F21CB23203370890082DB6B /* Build configuration list for PBXNativeTarget "assignment3" */;
			buildPhases = (
				3F21CAF7203370890082DB6B /* Sources */,
				3F21CAF8203370890082DB6B /* Frameworks */,
				3F21CAF9203370890082DB6B /* Resources */,
			);
			buildRules = (
			);
			dependencies = (
			);
			name = assignment3;
			productName = assignment3;
			productReference = 3F21CAFB203370890082DB6B /* assignment3.app */;
			productType = "com.apple.product-type.application";
		};
		3F21CB0E203370890082DB6B /* assignment3Tests */ = {
			isa = PBXNativeTarget;
			buildConfigurationList = 3F21CB26203370890082DB6B /* Build configuration list for PBXNativeTarget "assignment3Tests" */;
			buildPhases = (
				3F21CB0B203370890082DB6B /* Sources */,
				3F21CB0C203370890082DB6B /* Frameworks */,
				3F21CB0D203370890082DB6B /* Resources */,
			);
			buildRules = (
			);
			dependencies = (
				3F21CB11203370890082DB6B /* PBXTargetDependency */,
			);
			name = assignment3Tests;
			productName = assignment3Tests;
			productReference = 3F21CB0F203370890082DB6B /* assignment3Tests.xctest */;
			productType = "com.apple.product-type.bundle.unit-test";
		};
		3F21CB19203370890082DB6B /* assignment3UITests */ = {
			isa = PBXNativeTarget;
			buildConfigurationList = 3F21CB29203370890082DB6B /* Build configuration list for PBXNativeTarget "assignment3UITests" */;
			buildPhases = (
				3F21CB16203370890082DB6B /* Sources */,
				3F21CB17203370890082DB6B /* Frameworks */,
				3F21CB18203370890082DB6B /* Resources */,
			);
			buildRules = (
			);
			dependencies = (
				3F21CB1C203370890082DB6B /* PBXTargetDependency */,
			);
			name = assignment3UITests;
			productName = assignment3UITests;
			productReference = 3F21CB1A203370890082DB6B /* assignment3UITests.xctest */;
			productType = "com.apple.product-type.bundle.ui-testing";
		};
/* End PBXNativeTarget section */

/* Begin PBXProject section */
		3F21CAF3203370880082DB6B /* Project object */ = {
			isa = PBXProject;
			attributes = {
				LastSwiftUpdateCheck = 0920;
				LastUpgradeCheck = 0920;
				ORGANIZATIONNAME = Student;
				TargetAttributes = {
					3F21CAFA203370890082DB6B = {
						CreatedOnToolsVersion = 9.2;
						ProvisioningStyle = Automatic;
					};
					3F21CB0E203370890082DB6B = {
						CreatedOnToolsVersion = 9.2;
						ProvisioningStyle = Automatic;
						TestTargetID = 3F21CAFA203370890082DB6B;
					};
					3F21CB19203370890082DB6B = {
						CreatedOnToolsVersion = 9.2;
						ProvisioningStyle = Automatic;
						TestTargetID = 3F21CAFA203370890082DB6B;
					};
				};
			};
			buildConfigurationList = 3F21CAF6203370880082DB6B /* Build configuration list for PBXProject "assignment3" */;
			compatibilityVersion = "Xcode 8.0";
			developmentRegion = en;
			hasScannedForEncodings = 0;
			knownRegions = (
				en,
				Base,
			);
			mainGroup = 3F21CAF2203370880082DB6B;
			productRefGroup = 3F21CAFC203370890082DB6B /* Products */;
			projectDirPath = "";
			projectRoot = "";
			targets = (
				3F21CAFA203370890082DB6B /* assignment3 */,
				3F21CB0E203370890082DB6B /* assignment3Tests */,
				3F21CB19203370890082DB6B /* assignment3UITests */,
			);
		};
/* End PBXProject section */

/* Begin PBXResourcesBuildPhase section */
		3F21CAF9203370890082DB6B /* Resources */ = {
			isa = PBXResourcesBuildPhase;
			buildActionMask = 2147483647;
			files = (
				3F21CB09203370890082DB6B /* LaunchScreen.storyboard in Resources */,
				3F21CB06203370890082DB6B /* Assets.xcassets in Resources */,
				3F21CB04203370890082DB6B /* Main.storyboard in Resources */,
			);
			runOnlyForDeploymentPostprocessing = 0;
		};
		3F21CB0D203370890082DB6B /* Resources */ = {
			isa = PBXResourcesBuildPhase;
			buildActionMask = 2147483647;
			files = (
			);
			runOnlyForDeploymentPostprocessing = 0;
		};
		3F21CB18203370890082DB6B /* Resources */ = {
			isa = PBXResourcesBuildPhase;
			buildActionMask = 2147483647;
			files = (
			);
			runOnlyForDeploymentPostprocessing = 0;
		};
/* End PBXResourcesBuildPhase section */

/* Begin PBXSourcesBuildPhase section */
		3F21CAF7203370890082DB6B /* Sources */ = {
			isa = PBXSourcesBuildPhase;
			buildActionMask = 2147483647;
			files = (
				3F21CB01203370890082DB6B /* ViewController.swift in Sources */,
				3F21CAFF203370890082DB6B /* AppDelegate.swift in Sources */,
			);
			runOnlyForDeploymentPostprocessing = 0;
		};
		3F21CB0B203370890082DB6B /* Sources */ = {
			isa = PBXSourcesBuildPhase;
			buildActionMask = 2147483647;
			files = (
				3F21CB14203370890082DB6B /* assignment3Tests.swift in Sources */,
			);
			runOnlyForDeploymentPostprocessing = 0;
		};
		3F21CB16203370890082DB6B /* Sources */ = {
			isa = PBXSourcesBuildPhase;
			buildActionMask = 2147483647;
			files = (
				3F21CB1F203370890082DB6B /* assignment3UITests.swift in Sources */,
			);
			runOnlyForDeploymentPostprocessing = 0;
		};
/* End PBXSourcesBuildPhase section */

/* Begin PBXTargetDependency section */
		3F21CB11203370890082DB6B /* PBXTargetDependency */ = {
			isa = PBXTargetDependency;
			target = 3F21CAFA203370890082DB6B /* assignment3 */;
			targetProxy = 3F21CB10203370890082DB6B /* PBXContainerItemProxy */;
		};
		3F21CB1C203370890082DB6B /* PBXTargetDependency */ = {
			isa = PBXTargetDependency;
			target = 3F21CAFA203370890082DB6B /* assignment3 */;
			targetProxy = 3F21CB1B203370890082DB6B /* PBXContainerItemProxy */;
		};
/* End PBXTargetDependency section */

/* Begin PBXVariantGroup section */
		3F21CB02203370890082DB6B /* Main.storyboard */ = {
			isa = PBXVariantGroup;
			children = (
				3F21CB03203370890082DB6B /* Base */,
			);
			name = Main.storyboard;
			sourceTree = "<group>";
		};
		3F21CB07203370890082DB6B /* LaunchScreen.storyboard */ = {
			isa = PBXVariantGroup;
			children = (
				3F21CB08203370890082DB6B /* Base */,
			);
			name = LaunchScreen.storyboard;
			sourceTree = "<group>";
		};
/* End PBXVariantGroup section */

/* Begin XCBuildConfiguration section */
		3F21CB21203370890082DB6B /* Debug */ = {
			isa = XCBuildConfiguration;
			buildSettings = {
				ALWAYS_SEARCH_USER_PATHS = NO;
				CLANG_ANALYZER_NONNULL = YES;
				CLANG_ANALYZER_NUMBER_OBJECT_CONVERSION = YES_AGGRESSIVE;
				CLANG_CXX_LANGUAGE_STANDARD = "gnu++14";
				CLANG_CXX_LIBRARY = "libc++";
				CLANG_ENABLE_MODULES = YES;
				CLANG_ENABLE_OBJC_ARC = YES;
				CLANG_WARN_BLOCK_CAPTURE_AUTORELEASING = YES;
				CLANG_WARN_BOOL_CONVERSION = YES;
				CLANG_WARN_COMMA = YES;
				CLANG_WARN_CONSTANT_CONVERSION = YES;
				CLANG_WARN_DIRECT_OBJC_ISA_USAGE = YES_ERROR;
				CLANG_WARN_DOCUMENTATION_COMMENTS = YES;
				CLANG_WARN_EMPTY_BODY = YES;
				CLANG_WARN_ENUM_CONVERSION = YES;
				CLANG_WARN_INFINITE_RECURSION = YES;
				CLANG_WARN_INT_CONVERSION = YES;
				CLANG_WARN_NON_LITERAL_NULL_CONVERSION = YES;
				CLANG_WARN_OBJC_LITERAL_CONVERSION = YES;
				CLANG_WARN_OBJC_ROOT_CLASS = YES_ERROR;
				CLANG_WARN_RANGE_LOOP_ANALYSIS = YES;
				CLANG_WARN_STRICT_PROTOTYPES = YES;
				CLANG_WARN_SUSPICIOUS_MOVE = YES;
				CLANG_WARN_UNGUARDED_AVAILABILITY = YES_AGGRESSIVE;
				CLANG_WARN_UNREACHABLE_CODE = YES;
				CLANG_WARN__DUPLICATE_METHOD_MATCH = YES;
				CODE_SIGN_IDENTITY = "iPhone Developer";
				COPY_PHASE_STRIP = NO;
				DEBUG_INFORMATION_FORMAT = dwarf;
				ENABLE_STRICT_OBJC_MSGSEND = YES;
				ENABLE_TESTABILITY = YES;
				GCC_C_LANGUAGE_STANDARD = gnu11;
				GCC_DYNAMIC_NO_PIC = NO;
				GCC_NO_COMMON_BLOCKS = YES;
				GCC_OPTIMIZATION_LEVEL = 0;
				GCC_PREPROCESSOR_DEFINITIONS = (
					"DEBUG=1",
					"$(inherited)",
				);
				GCC_WARN_64_TO_32_BIT_CONVERSION = YES;
				GCC_WARN_ABOUT_RETURN_TYPE = YES_ERROR;
				GCC_WARN_UNDECLARED_SELECTOR = YES;
				GCC_WARN_UNINITIALIZED_AUTOS = YES_AGGRESSIVE;
				GCC_WARN_UNUSED_FUNCTION = YES;
				GCC_WARN_UNUSED_VARIABLE = YES;
				IPHONEOS_DEPLOYMENT_TARGET = 11.2;
				MTL_ENABLE_DEBUG_INFO = YES;
				ONLY_ACTIVE_ARCH = YES;
				SDKROOT = iphoneos;
				SWIFT_ACTIVE_COMPILATION_CONDITIONS = DEBUG;
				SWIFT_OPTIMIZATION_LEVEL = "-Onone";
			};
			name = Debug;
		};
		3F21CB22203370890082DB6B /* Release */ = {
			isa = XCBuildConfiguration;
			buildSettings = {
				ALWAYS_SEARCH_USER_PATHS = NO;
				CLANG_ANALYZER_NONNULL = YES;
				CLANG_ANALYZER_NUMBER_OBJECT_CONVERSION = YES_AGGRESSIVE;
				CLANG_CXX_LANGUAGE_STANDARD = "gnu++14";
				CLANG_CXX_LIBRARY = "libc++";
				CLANG_ENABLE_MODULES = YES;
				CLANG_ENABLE_OBJC_ARC = YES;
				CLANG_WARN_BLOCK_CAPTURE_AUTORELEASING = YES;
				CLANG_WARN_BOOL_CONVERSION = YES;
				CLANG_WARN_COMMA = YES;
				CLANG_WARN_CONSTANT_CONVERSION = YES;
				CLANG_WARN_DIRECT_OBJC_ISA_USAGE = YES_ERROR;
				CLANG_WARN_DOCUMENTATION_COMMENTS = YES;
				CLANG_WARN_EMPTY_BODY = YES;
				CLANG_WARN_ENUM_CONVERSION = YES;
				CLANG_WARN_INFINITE_RECURSION = YES;
				CLANG_WARN_INT_CONVERSION = YES;
				CLANG_WARN_NON_LITERAL_NULL_CONVERSION = YES;
				CLANG_WARN_OBJC_LITERAL_CONVERSION = YES;
				CLANG_WARN_OBJC_ROOT_CLASS = YES_ERROR;
				CLANG_WARN_RANGE_LOOP_ANALYSIS = YES;
				CLANG_WARN_STRICT_PROTOTYPES = YES;
				CLANG_WARN_SUSPICIOUS_MOVE = YES;
				CLANG_WARN_UNGUARDED_AVAILABILITY = YES_AGGRESSIVE;
				CLANG_WARN_UNREACHABLE_CODE = YES;
				CLANG_WARN__DUPLICATE_METHOD_MATCH = YES;
				CODE_SIGN_IDENTITY = "iPhone Developer";
				COPY_PHASE_STRIP = NO;
				DEBUG_INFORMATION_FORMAT = "dwarf-with-dsym";
				ENABLE_NS_ASSERTIONS = NO;
				ENABLE_STRICT_OBJC_MSGSEND = YES;
				GCC_C_LANGUAGE_STANDARD = gnu11;
				GCC_NO_COMMON_BLOCKS = YES;
				GCC_WARN_64_TO_32_BIT_CONVERSION = YES;
				GCC_WARN_ABOUT_RETURN_TYPE = YES_ERROR;
				GCC_WARN_UNDECLARED_SELECTOR = YES;
				GCC_WARN_UNINITIALIZED_AUTOS = YES_AGGRESSIVE;
				GCC_WARN_UNUSED_FUNCTION = YES;
				GCC_WARN_UNUSED_VARIABLE = YES;
				IPHONEOS_DEPLOYMENT_TARGET = 11.2;
				MTL_ENABLE_DEBUG_INFO = NO;
				SDKROOT = iphoneos;
				SWIFT_OPTIMIZATION_LEVEL = "-Owholemodule";
				VALIDATE_PRODUCT = YES;
			};
			name = Release;
		};
		3F21CB24203370890082DB6B /* Debug */ = {
			isa = XCBuildConfiguration;
			buildSettings = {
				ASSETCATALOG_COMPILER_APPICON_NAME = AppIcon;
				CODE_SIGN_STYLE = Automatic;
				INFOPLIST_FILE = assignment3/Info.plist;
				LD_RUNPATH_SEARCH_PATHS = "$(inherited) @executable_path/Frameworks";
				PRODUCT_BUNDLE_IDENTIFIER = hello.assignment3;
				PRODUCT_NAME = "$(TARGET_NAME)";
				SWIFT_VERSION = 4.0;
				TARGETED_DEVICE_FAMILY = "1,2";
			};
			name = Debug;
		};
		3F21CB25203370890082DB6B /* Release */ = {
			isa = XCBuildConfiguration;
			buildSettings = {
				ASSETCATALOG_COMPILER_APPICON_NAME = AppIcon;
				CODE_SIGN_STYLE = Automatic;
				INFOPLIST_FILE = assignment3/Info.plist;
				LD_RUNPATH_SEARCH_PATHS = "$(inherited) @executable_path/Frameworks";
				PRODUCT_BUNDLE_IDENTIFIER = hello.assignment3;
				PRODUCT_NAME = "$(TARGET_NAME)";
				SWIFT_VERSION = 4.0;
				TARGETED_DEVICE_FAMILY = "1,2";
			};
			name = Release;
		};
		3F21CB27203370890082DB6B /* Debug */ = {
			isa = XCBuildConfiguration;
			buildSettings = {
				ALWAYS_EMBED_SWIFT_STANDARD_LIBRARIES = YES;
				BUNDLE_LOADER = "$(TEST_HOST)";
				CODE_SIGN_STYLE = Automatic;
				INFOPLIST_FILE = assignment3Tests/Info.plist;
				LD_RUNPATH_SEARCH_PATHS = "$(inherited) @executable_path/Frameworks @loader_path/Frameworks";
				PRODUCT_BUNDLE_IDENTIFIER = hello.assignment3Tests;
				PRODUCT_NAME = "$(TARGET_NAME)";
				SWIFT_VERSION = 4.0;
				TARGETED_DEVICE_FAMILY = "1,2";
				TEST_HOST = "$(BUILT_PRODUCTS_DIR)/assignment3.app/assignment3";
			};
			name = Debug;
		};
		3F21CB28203370890082DB6B /* Release */ = {
			isa = XCBuildConfiguration;
			buildSettings = {
				ALWAYS_EMBED_SWIFT_STANDARD_LIBRARIES = YES;
				BUNDLE_LOADER = "$(TEST_HOST)";
				CODE_SIGN_STYLE = Automatic;
				INFOPLIST_FILE = assignment3Tests/Info.plist;
				LD_RUNPATH_SEARCH_PATHS = "$(inherited) @executable_path/Frameworks @loader_path/Frameworks";
				PRODUCT_BUNDLE_IDENTIFIER = hello.assignment3Tests;
				PRODUCT_NAME = "$(TARGET_NAME)";
				SWIFT_VERSION = 4.0;
				TARGETED_DEVICE_FAMILY = "1,2";
				TEST_HOST = "$(BUILT_PRODUCTS_DIR)/assignment3.app/assignment3";
			};
			name = Release;
		};
		3F21CB2A203370890082DB6B /* Debug */ = {
			isa = XCBuildConfiguration;
			buildSettings = {
				ALWAYS_EMBED_SWIFT_STANDARD_LIBRARIES = YES;
				CODE_SIGN_STYLE = Automatic;
				INFOPLIST_FILE = assignment3UITests/Info.plist;
				LD_RUNPATH_SEARCH_PATHS = "$(inherited) @executable_path/Frameworks @loader_path/Frameworks";
				PRODUCT_BUNDLE_IDENTIFIER = hello.assignment3UITests;
				PRODUCT_NAME = "$(TARGET_NAME)";
				SWIFT_VERSION = 4.0;
				TARGETED_DEVICE_FAMILY = "1,2";
				TEST_TARGET_NAME = assignment3;
			};
			name = Debug;
		};
		3F21CB2B203370890082DB6B /* Release */ = {
			isa = XCBuildConfiguration;
			buildSettings = {
				ALWAYS_EMBED_SWIFT_STANDARD_LIBRARIES = YES;
				CODE_SIGN_STYLE = Automatic;
				INFOPLIST_FILE = assignment3UITests/Info.plist;
				LD_RUNPATH_SEARCH_PATHS = "$(inherited) @executable_path/Frameworks @loader_path/Frameworks";
				PRODUCT_BUNDLE_IDENTIFIER = hello.assignment3UITests;
				PRODUCT_NAME = "$(TARGET_NAME)";
				SWIFT_VERSION = 4.0;
				TARGETED_DEVICE_FAMILY = "1,2";
				TEST_TARGET_NAME = assignment3;
			};
			name = Release;
		};
/* End XCBuildConfiguration section */

/* Begin XCConfigurationList section */
		3F21CAF6203370880082DB6B /* Build configuration list for PBXProject "assignment3" */ = {
			isa = XCConfigurationList;
			buildConfigurations = (
				3F21CB21203370890082DB6B /* Debug */,
				3F21CB22203370890082DB6B /* Release */,
			);
			defaultConfigurationIsVisible = 0;
			defaultConfigurationName = Release;
		};
		3F21CB23203370890082DB6B /* Build configuration list for PBXNativeTarget "assignment3" */ = {
			isa = XCConfigurationList;
			buildConfigurations = (
				3F21CB24203370890082DB6B /* Debug */,
				3F21CB25203370890082DB6B /* Release */,
			);
			defaultConfigurationIsVisible = 0;
			defaultConfigurationName = Release;
		};
		3F21CB26203370890082DB6B /* Build configuration list for PBXNativeTarget "assignment3Tests" */ = {
			isa = XCConfigurationList;
			buildConfigurations = (
				3F21CB27203370890082DB6B /* Debug */,
				3F21CB28203370890082DB6B /* Release */,
			);
			defaultConfigurationIsVisible = 0;
			defaultConfigurationName = Release;
		};
		3F21CB29203370890082DB6B /* Build configuration list for PBXNativeTarget "assignment3UITests" */ = {
			isa = XCConfigurationList;
			buildConfigurations = (
				3F21CB2A203370890082DB6B /* Debug */,
				3F21CB2B203370890082DB6B /* Release */,
			);
			defaultConfigurationIsVisible = 0;
			defaultConfigurationName = Release;
		};
/* End XCConfigurationList section */
	};
	rootObject = 3F21CAF3203370880082DB6B /* Project object */;
}
